<?xml version="1.0" encoding="utf-8"?>
<Project ToolsVersion="4.0" xmlns="http://schemas.microsoft.com/developer/msbuild/2003">
  <ItemGroup>
    <Filter Include="Source Files">
      <UniqueIdentifier>{4FC737F1-C7A5-4376-A066-2A32D752A2FF}</UniqueIdentifier>
      <Extensions>cpp;c;cc;cxx;def;odl;idl;hpj;bat;asm;asmx</Extensions>
    </Filter>
    <Filter Include="Header Files">
      <UniqueIdentifier>{93995380-89BD-4b04-88EB-625FBE52EBFB}</UniqueIdentifier>
      <Extensions>h;hh;hpp;hxx;hm;inl;inc;xsd</Extensions>
    </Filter>
    <Filter Include="Resource Files">
      <UniqueIdentifier>{67DA6AB6-F800-4c08-8B7A-83BB121AAD01}</UniqueIdentifier>
      <Extensions>rc;ico;cur;bmp;dlg;rc2;rct;bin;rgs;gif;jpg;jpeg;jpe;resx;tiff;tif;png;wav;mfcribbon-ms</Extensions>
    </Filter>
    <Filter Include="Rtree">
      <UniqueIdentifier>{9ec07964-2a60-46ab-b1ad-ddf17d3ed9fc}</UniqueIdentifier>
    </Filter>
    <Filter Include="General">
      <UniqueIdentifier>{96047c26-ac2d-429f-a54f-264ed55db733}</UniqueIdentifier>
    </Filter>
    <Filter Include="IGI">
      <UniqueIdentifier>{e3993976-3453-45ab-937c-4b995525520a}</UniqueIdentifier>
    </Filter>
    <Filter Include="ShazamHash">
      <UniqueIdentifier>{49b28fd7-16b0-4176-8b0e-3bc166e99e99}</UniqueIdentifier>
    </Filter>
  </ItemGroup>
  <ItemGroup>
    <ClInclude Include="Cloud.h">
      <Filter>General</Filter>
    </ClInclude>
    <ClInclude Include="GetCloudsCSV.h">
      <Filter>General</Filter>
    </ClInclude>
    <ClInclude Include="PerformanceReport.h">
      <Filter>General</Filter>
    </ClInclude>
    <ClInclude Include="UtilityFunctions.h">
      <Filter>General</Filter>
    </ClInclude>
    <ClInclude Include="IGI.h">
      <Filter>IGI</Filter>
    </ClInclude>
    <ClInclude Include="RTree.h">
      <Filter>Rtree</Filter>
    </ClInclude>
    <ClInclude Include="ShazamHash.h">
      <Filter>ShazamHash</Filter>
    </ClInclude>
    <ClInclude Include="FingerPrint.h">
      <Filter>General</Filter>
    </ClInclude>
    <ClInclude Include="ShazamHashParameters.h">
      <Filter>ShazamHash</Filter>
    </ClInclude>
  </ItemGroup>
  <ItemGroup>
    <ClCompile Include="Example.cpp">
      <Filter>Source Files</Filter>
    </ClCompile>
  </ItemGroup>
</Project>