<?xml version="1.0" encoding="utf-8"?>
<Project ToolsVersion="4.0" xmlns="http://schemas.microsoft.com/developer/msbuild/2003">
  <ItemGroup>
    <Filter Include="Source Files">
      <UniqueIdentifier>{4FC737F1-C7A5-4376-A066-2A32D752A2FF}</UniqueIdentifier>
      <Extensions>cpp;c;cc;cxx;def;odl;idl;hpj;bat;asm;asmx</Extensions>
    </Filter>
    <Filter Include="Header Files">
      <UniqueIdentifier>{93995380-89BD-4b04-88EB-625FBE52EBFB}</UniqueIdentifier>
      <Extensions>h;hh;hpp;hxx;hm;inl;inc;xsd</Extensions>
    </Filter>
    <Filter Include="Resource Files">
      <UniqueIdentifier>{67DA6AB6-F800-4c08-8B7A-83BB121AAD01}</UniqueIdentifier>
      <Extensions>rc;ico;cur;bmp;dlg;rc2;rct;bin;rgs;gif;jpg;jpeg;jpe;resx;tiff;tif;png;wav;mfcribbon-ms</Extensions>
    </Filter>
    <Filter Include="General">
      <UniqueIdentifier>{96047c26-ac2d-429f-a54f-264ed55db733}</UniqueIdentifier>
    </Filter>
    <Filter Include="IGI">
      <UniqueIdentifier>{e3993976-3453-45ab-937c-4b995525520a}</UniqueIdentifier>
    </Filter>
    <Filter Include="ShazamHash">
      <UniqueIdentifier>{49b28fd7-16b0-4176-8b0e-3bc166e99e99}</UniqueIdentifier>
    </Filter>
    <Filter Include="VPT">
      <UniqueIdentifier>{e4da7292-a91c-4dd5-9673-557eb6ec4fbf}</UniqueIdentifier>
    </Filter>
    <Filter Include="IGIRtree">
      <UniqueIdentifier>{56f5f383-45f7-41af-98d6-7015cdccd024}</UniqueIdentifier>
    </Filter>
    <Filter Include="IGIVpt">
      <UniqueIdentifier>{bad90f93-ce7f-411c-8de5-cd804f84fa66}</UniqueIdentifier>
    </Filter>
    <Filter Include="SuccinctIGI">
      <UniqueIdentifier>{82b51045-b00d-4e66-b9e3-85b8fae0b9a4}</UniqueIdentifier>
    </Filter>
    <Filter Include="SarrayVPT">
      <UniqueIdentifier>{376b42ad-82af-424a-b91f-bd5fbb95c7f9}</UniqueIdentifier>
    </Filter>
    <Filter Include="Rtree">
      <UniqueIdentifier>{ba9732c9-04a3-4d95-acf8-7d1a4c5e3920}</UniqueIdentifier>
    </Filter>
  </ItemGroup>
  <ItemGroup>
    <ClInclude Include="Cloud.h">
      <Filter>General</Filter>
    </ClInclude>
    <ClInclude Include="GetCloudsCSV.h">
      <Filter>General</Filter>
    </ClInclude>
    <ClInclude Include="PerformanceReport.h">
      <Filter>General</Filter>
    </ClInclude>
    <ClInclude Include="UtilityFunctions.h">
      <Filter>General</Filter>
    </ClInclude>
    <ClInclude Include="IGI.h">
      <Filter>IGI</Filter>
    </ClInclude>
    <ClInclude Include="ShazamHash.h">
      <Filter>ShazamHash</Filter>
    </ClInclude>
    <ClInclude Include="FingerPrint.h">
      <Filter>General</Filter>
    </ClInclude>
    <ClInclude Include="ShazamHashParameters.h">
      <Filter>ShazamHash</Filter>
    </ClInclude>
    <ClInclude Include="VPT.h">
      <Filter>VPT</Filter>
    </ClInclude>
    <ClInclude Include="vp-tree.h">
      <Filter>VPT</Filter>
    </ClInclude>
    <ClInclude Include="IGIRtree.h">
      <Filter>IGIRtree</Filter>
    </ClInclude>
    <ClInclude Include="IGIVpt.h">
      <Filter>IGIVpt</Filter>
    </ClInclude>
    <ClInclude Include="SuccinctIGI.h">
      <Filter>SuccinctIGI</Filter>
    </ClInclude>
    <ClInclude Include="SarrayMetrics.h">
      <Filter>SarrayVPT</Filter>
    </ClInclude>
    <ClInclude Include="SarrayVPT.h">
      <Filter>SarrayVPT</Filter>
    </ClInclude>
    <ClInclude Include="Rtree.h">
      <Filter>Rtree</Filter>
    </ClInclude>
    <ClInclude Include="vptPointers.h">
      <Filter>SarrayVPT</Filter>
    </ClInclude>
  </ItemGroup>
  <ItemGroup>
    <ClCompile Include="Example.cpp">
      <Filter>Source Files</Filter>
    </ClCompile>
  </ItemGroup>
  <ItemGroup>
    <None Include="IGI Spark.ipynb" />
  </ItemGroup>
</Project>